<?xml version="1.0" encoding="utf-8"?>
<Project ToolsVersion="4.0" xmlns="http://schemas.microsoft.com/developer/msbuild/2003">
  <ItemGroup>
    <Filter Include="Source Files">
      <UniqueIdentifier>{162dec5a-b091-471e-969a-09e0448033f2}</UniqueIdentifier>
    </Filter>
    <Filter Include="Header Files">
      <UniqueIdentifier>{f7ef347c-74d2-487c-8c8b-734758226b64}</UniqueIdentifier>
    </Filter>
  </ItemGroup>
  <ItemGroup>
    <ClCompile Include="arvoreFundos.cpp">
      <Filter>Source Files</Filter>
    </ClCompile>
    <ClCompile Include="canvas.cpp">
      <Filter>Source Files</Filter>
    </ClCompile>
    <ClCompile Include="canvas_eventos.cpp">
      <Filter>Source Files</Filter>
    </ClCompile>
    <ClCompile Include="canvasFace.cpp">
      <Filter>Source Files</Filter>
    </ClCompile>
    <ClCompile Include="comboDescritores.cpp">
      <Filter>Source Files</Filter>
    </ClCompile>
    <ClCompile Include="dicionario.cpp">
      <Filter>Source Files</Filter>
    </ClCompile>
    <ClCompile Include="faceDetection.cpp">
      <Filter>Source Files</Filter>
    </ClCompile>
    <ClCompile Include="fotografia.cpp">
      <Filter>Source Files</Filter>
    </ClCompile>
    <ClCompile Include="fundo.cpp">
      <Filter>Source Files</Filter>
    </ClCompile>
    <ClCompile Include="gerenciador.cpp">
      <Filter>Source Files</Filter>
    </ClCompile>
    <ClCompile Include="legenda.cpp">
      <Filter>Source Files</Filter>
    </ClCompile>
    <ClCompile Include="navegadorFGV.cpp">
      <Filter>Source Files</Filter>
    </ClCompile>
    <ClCompile Include="comboPersonagens.cpp">
      <Filter>Source Files</Filter>
    </ClCompile>
    <ClCompile Include="dirProcessing.cpp">
      <Filter>Source Files</Filter>
    </ClCompile>
    <ClCompile Include="navegador_leftMainPan.cpp">
      <Filter>Source Files</Filter>
    </ClCompile>
    <ClCompile Include="navegador_rightMainPan.cpp">
      <Filter>Source Files</Filter>
    </ClCompile>
    <ClCompile Include="navegador_centerMainPan.cpp">
      <Filter>Source Files</Filter>
    </ClCompile>
    <ClCompile Include="searchPersonagens.cpp">
      <Filter>Source Files</Filter>
    </ClCompile>
    <ClCompile Include="searchPopup.cpp">
      <Filter>Source Files</Filter>
    </ClCompile>
  </ItemGroup>
  <ItemGroup>
    <ClInclude Include="arvoreFundos.h">
      <Filter>Header Files</Filter>
    </ClInclude>
    <ClInclude Include="canvas.h">
      <Filter>Header Files</Filter>
    </ClInclude>
    <ClInclude Include="canvasFace.h">
      <Filter>Header Files</Filter>
    </ClInclude>
    <ClInclude Include="comboDescritores.h">
      <Filter>Header Files</Filter>
    </ClInclude>
    <ClInclude Include="defs.h">
      <Filter>Header Files</Filter>
    </ClInclude>
    <ClInclude Include="fotografia.h">
      <Filter>Header Files</Filter>
    </ClInclude>
    <ClInclude Include="fundo.h">
      <Filter>Header Files</Filter>
    </ClInclude>
    <ClInclude Include="gerenciador.h">
      <Filter>Header Files</Filter>
    </ClInclude>
    <ClInclude Include="legenda.h">
      <Filter>Header Files</Filter>
    </ClInclude>
    <ClInclude Include="menuAndControlsIds.h">
      <Filter>Header Files</Filter>
    </ClInclude>
    <ClInclude Include="navegadorFGV.h">
      <Filter>Header Files</Filter>
    </ClInclude>
    <ClInclude Include="comboPersonagens.h">
      <Filter>Header Files</Filter>
    </ClInclude>
    <ClInclude Include="resource.h" />
    <ClInclude Include="dirProcessing.h">
      <Filter>Header Files</Filter>
    </ClInclude>
    <ClInclude Include="searchPersonagens.h">
      <Filter>Header Files</Filter>
    </ClInclude>
    <ClInclude Include="hintTexts.h">
      <Filter>Header Files</Filter>
    </ClInclude>
    <ClInclude Include="searchPopup.h">
      <Filter>Header Files</Filter>
    </ClInclude>
  </ItemGroup>
  <ItemGroup>
    <None Include="concertos.txt" />
    <None Include="dicionarioFgv.txt" />
    <None Include="legendas_EG.txt" />
    <None Include="concertosFEITOS.TXT" />
    <None Include="icones\bottom\EditPerson34.ico" />
    <None Include="icones\bottom\mini_EditPerson34.ico" />
  </ItemGroup>
  <ItemGroup>
    <ResourceCompile Include="navegadorFGV.rc" />
  </ItemGroup>
</Project>